# THIS IS AN AUTOGENERATED FILE. DO NOT EDIT THIS FILE DIRECTLY.
# yarn lockfile v1


"@octokit/auth-token@^2.4.0":
  version "2.4.2"
  resolved "https://registry.yarnpkg.com/@octokit/auth-token/-/auth-token-2.4.2.tgz#10d0ae979b100fa6b72fa0e8e63e27e6d0dbff8a"
  integrity sha512-jE/lE/IKIz2v1+/P0u4fJqv0kYwXOTujKemJMFr6FeopsxlIK3+wKDCJGnysg81XID5TgZQbIfuJ5J0lnTiuyQ==
  dependencies:
    "@octokit/types" "^5.0.0"

"@octokit/core@^3.0.0":
  version "3.2.0"
  resolved "https://registry.yarnpkg.com/@octokit/core/-/core-3.2.0.tgz#7a872ad4cb8d8d2f417dd7fe1aaff3919c09dc04"
  integrity sha512-42jzu1GWlCr4KUo52X4hD3if2AwjNJLzsS8mqUs9JkJbsM3vzvSx8AqTnVBQjOM0hQMYBqR7/7SAUTfH7IZqIg==
  dependencies:
    "@octokit/auth-token" "^2.4.0"
    "@octokit/graphql" "^4.3.1"
    "@octokit/request" "^5.4.0"
    "@octokit/types" "^5.0.0"
    before-after-hook "^2.1.0"
    universal-user-agent "^6.0.0"

"@octokit/endpoint@^6.0.1":
  version "6.0.8"
  resolved "https://registry.yarnpkg.com/@octokit/endpoint/-/endpoint-6.0.8.tgz#91b07e236fdb69929c678c6439f7a560dc6058ac"
  integrity sha512-MuRrgv+bM4Q+e9uEvxAB/Kf+Sj0O2JAOBA131uo1o6lgdq1iS8ejKwtqHgdfY91V3rN9R/hdGKFiQYMzVzVBEQ==
  dependencies:
    "@octokit/types" "^5.0.0"
    is-plain-object "^5.0.0"
    universal-user-agent "^6.0.0"

"@octokit/graphql@^4.3.1":
  version "4.5.6"
  resolved "https://registry.yarnpkg.com/@octokit/graphql/-/graphql-4.5.6.tgz#708143ba15cf7c1879ed6188266e7f270be805d4"
  integrity sha512-Rry+unqKTa3svswT2ZAuqenpLrzJd+JTv89LTeVa5UM/5OX8o4KTkPL7/1ABq4f/ZkELb0XEK/2IEoYwykcLXg==
  dependencies:
    "@octokit/request" "^5.3.0"
    "@octokit/types" "^5.0.0"
    universal-user-agent "^6.0.0"

"@octokit/plugin-paginate-rest@^2.2.0":
  version "2.4.0"
  resolved "https://registry.yarnpkg.com/@octokit/plugin-paginate-rest/-/plugin-paginate-rest-2.4.0.tgz#92f951ddc8a1cd505353fa07650752ca25ed7e93"
  integrity sha512-YT6Klz3LLH6/nNgi0pheJnUmTFW4kVnxGft+v8Itc41IIcjl7y1C8TatmKQBbCSuTSNFXO5pCENnqg6sjwpJhg==
  dependencies:
    "@octokit/types" "^5.5.0"

"@octokit/plugin-request-log@^1.0.0":
  version "1.0.2"
  resolved "https://registry.yarnpkg.com/@octokit/plugin-request-log/-/plugin-request-log-1.0.2.tgz#394d59ec734cd2f122431fbaf05099861ece3c44"
  integrity sha512-oTJSNAmBqyDR41uSMunLQKMX0jmEXbwD1fpz8FG27lScV3RhtGfBa1/BBLym+PxcC16IBlF7KH9vP1BUYxA+Eg==

"@octokit/plugin-rest-endpoint-methods@4.2.0":
  version "4.2.0"
  resolved "https://registry.yarnpkg.com/@octokit/plugin-rest-endpoint-methods/-/plugin-rest-endpoint-methods-4.2.0.tgz#c5a0691b3aba5d8b4ef5dffd6af3649608f167ba"
  integrity sha512-1/qn1q1C1hGz6W/iEDm9DoyNoG/xdFDt78E3eZ5hHeUfJTLJgyAMdj9chL/cNBHjcjd+FH5aO1x0VCqR2RE0mw==
  dependencies:
    "@octokit/types" "^5.5.0"
    deprecation "^2.3.1"

"@octokit/request-error@^2.0.0":
  version "2.0.2"
  resolved "https://registry.yarnpkg.com/@octokit/request-error/-/request-error-2.0.2.tgz#0e76b83f5d8fdda1db99027ea5f617c2e6ba9ed0"
  integrity sha512-2BrmnvVSV1MXQvEkrb9zwzP0wXFNbPJij922kYBTLIlIafukrGOb+ABBT2+c6wZiuyWDH1K1zmjGQ0toN/wMWw==
  dependencies:
    "@octokit/types" "^5.0.1"
    deprecation "^2.0.0"
    once "^1.4.0"

"@octokit/request@^5.3.0", "@octokit/request@^5.4.0":
  version "5.4.9"
  resolved "https://registry.yarnpkg.com/@octokit/request/-/request-5.4.9.tgz#0a46f11b82351b3416d3157261ad9b1558c43365"
  integrity sha512-CzwVvRyimIM1h2n9pLVYfTDmX9m+KHSgCpqPsY8F1NdEK8IaWqXhSBXsdjOBFZSpEcxNEeg4p0UO9cQ8EnOCLA==
  dependencies:
    "@octokit/endpoint" "^6.0.1"
    "@octokit/request-error" "^2.0.0"
    "@octokit/types" "^5.0.0"
    deprecation "^2.0.0"
    is-plain-object "^5.0.0"
    node-fetch "^2.6.1"
    once "^1.4.0"
    universal-user-agent "^6.0.0"

"@octokit/rest@18.0.6":
  version "18.0.6"
  resolved "https://registry.yarnpkg.com/@octokit/rest/-/rest-18.0.6.tgz#76c274f1a68f40741a131768ef483f041e7b98b6"
  integrity sha512-ES4lZBKPJMX/yUoQjAZiyFjei9pJ4lTTfb9k7OtYoUzKPDLl/M8jiHqt6qeSauyU4eZGLw0sgP1WiQl9FYeM5w==
  dependencies:
    "@octokit/core" "^3.0.0"
    "@octokit/plugin-paginate-rest" "^2.2.0"
    "@octokit/plugin-request-log" "^1.0.0"
    "@octokit/plugin-rest-endpoint-methods" "4.2.0"

"@octokit/types@^5.0.0", "@octokit/types@^5.0.1", "@octokit/types@^5.5.0":
  version "5.5.0"
  resolved "https://registry.yarnpkg.com/@octokit/types/-/types-5.5.0.tgz#e5f06e8db21246ca102aa28444cdb13ae17a139b"
  integrity sha512-UZ1pErDue6bZNjYOotCNveTXArOMZQFG6hKJfOnGnulVCMcVVi7YIIuuR4WfBhjo7zgpmzn/BkPDnUXtNx+PcQ==
  dependencies:
    "@types/node" ">= 8"

"@types/node@>= 8":
  version "14.14.6"
  resolved "https://registry.yarnpkg.com/@types/node/-/node-14.14.6.tgz#146d3da57b3c636cc0d1769396ce1cfa8991147f"
  integrity sha512-6QlRuqsQ/Ox/aJEQWBEJG7A9+u7oSYl3mem/K8IzxXG/kAGbV1YPD9Bg9Zw3vyxC/YP+zONKwy8hGkSt1jxFMw==

ansi-colors@^3.2.1:
  version "3.2.3"
  resolved "https://registry.yarnpkg.com/ansi-colors/-/ansi-colors-3.2.3.tgz#57d35b8686e851e2cc04c403f1c00203976a1813"
  integrity sha512-LEHHyuhlPY3TmuUYMh2oz89lTShfvgbmzaBcxve9t/9Wuy7Dwf4yoAKcND7KFT1HAQfqZ12qtc+DUrBMeKF9nw==

before-after-hook@^2.1.0:
  version "2.1.0"
  resolved "https://registry.yarnpkg.com/before-after-hook/-/before-after-hook-2.1.0.tgz#b6c03487f44e24200dd30ca5e6a1979c5d2fb635"
  integrity sha512-IWIbu7pMqyw3EAJHzzHbWa85b6oud/yfKYg5rqB5hNE8CeMi3nX+2C2sj0HswfblST86hpVEOAb9x34NZd6P7A==

dayjs@1.8.15:
  version "1.8.15"
  resolved "https://registry.yarnpkg.com/dayjs/-/dayjs-1.8.15.tgz#7121bc04e6a7f2621ed6db566be4a8aaf8c3913e"
  integrity sha512-HYHCI1nohG52B45vCQg8Re3hNDZbMroWPkhz50yaX7Lu0ATyjGsTdoYZBpjED9ar6chqTx2dmSmM8A51mojnAg==

deprecation@^2.0.0, deprecation@^2.3.1:
  version "2.3.1"
  resolved "https://registry.yarnpkg.com/deprecation/-/deprecation-2.3.1.tgz#6368cbdb40abf3373b525ac87e4a260c3a700919"
  integrity sha512-xmHIy4F3scKVwMsQ4WnVaS8bHOx0DmVwRywosKhaILI0ywMDWPtBSku2HNxRvF7jtwDRsoEwYQSfbxj8b7RlJQ==

dotenv@8.0.0:
  version "8.0.0"
  resolved "https://registry.yarnpkg.com/dotenv/-/dotenv-8.0.0.tgz#ed310c165b4e8a97bb745b0a9d99c31bda566440"
  integrity sha512-30xVGqjLjiUOArT4+M5q9sYdvuR4riM6yK9wMcas9Vbp6zZa+ocC9dp6QoftuhTPhFAiLK/0C5Ni2nou/Bk8lg==

enquirer@2.3.1:
  version "2.3.1"
  resolved "https://registry.yarnpkg.com/enquirer/-/enquirer-2.3.1.tgz#f1bf52ea38470525f41412d723a62ba6868559c6"
  integrity sha512-7slmHsJY+mvnIrzD0Z0FfTFLmVJuIzRNCW72X9s35BshOoC+MI4jLJ8aPyAC/BelAirXBZB+Mu1wSqP0wpW4Kg==
  dependencies:
    ansi-colors "^3.2.1"

is-plain-object@^5.0.0:
  version "5.0.0"
  resolved "https://registry.yarnpkg.com/is-plain-object/-/is-plain-object-5.0.0.tgz#4427f50ab3429e9025ea7d52e9043a9ef4159344"
  integrity sha512-VRSzKkbMm5jMDoKLbltAkFQ5Qr7VDiTFGXxYFXXowVj387GeGNOCsOH6Msy00SGZ3Fp84b1Naa1psqgcCIEP5Q==

node-fetch@^2.6.1:
  version "2.6.1"
  resolved "https://registry.yarnpkg.com/node-fetch/-/node-fetch-2.6.1.tgz#045bd323631f76ed2e2b55573394416b639a0052"
  integrity sha512-V4aYg89jEoVRxRb2fJdAg8FHvI7cEyYdVAh94HH0UIK8oJxUfkjlDQN9RbMx+bEjP7+ggMiFRprSti032Oipxw==

once@^1.4.0:
  version "1.4.0"
  resolved "https://registry.yarnpkg.com/once/-/once-1.4.0.tgz#583b1aa775961d4b113ac17d9c50baef9dd76bd1"
  integrity sha1-WDsap3WWHUsROsF9nFC6753Xa9E=
  dependencies:
    wrappy "1"

universal-user-agent@^6.0.0:
  version "6.0.0"
  resolved "https://registry.yarnpkg.com/universal-user-agent/-/universal-user-agent-6.0.0.tgz#3381f8503b251c0d9cd21bc1de939ec9df5480ee"
  integrity sha512-isyNax3wXoKaulPDZWHQqbmIx1k2tb9fb3GGDBRxCscfYV2Ch7WxPArBsFEG8s/safwXTT7H4QGhaIkTp9447w==

wrappy@1:
  version "1.0.2"
  resolved "https://registry.yarnpkg.com/wrappy/-/wrappy-1.0.2.tgz#b5243d8f3ec1aa35f1364605bc0d1036e30ab69f"
  integrity sha1-tSQ9jz7BqjXxNkYFvA0QNuMKtp8=
